// !$*UTF8*$!
{
	archiveVersion = 1;
	classes = {
	};
	objectVersion = 56;
	objects = {

/* Begin PBXBuildFile section */
		A23102F32BE3CF13009E4834 /* LandmarkList.swift in Sources */ = {isa = PBXBuildFile; fileRef = A23102F22BE3CF13009E4834 /* LandmarkList.swift */; };
		A23EC8C42BE2574F00627168 /* PageViewController.swift in Sources */ = {isa = PBXBuildFile; fileRef = A23EC8C32BE2574F00627168 /* PageViewController.swift */; };
		A23EC8C62BE2583B00627168 /* FeaturedCard.swift in Sources */ = {isa = PBXBuildFile; fileRef = A23EC8C52BE2583B00627168 /* FeaturedCard.swift */; };
		A23EC8C82BE258FC00627168 /* PageView.swift in Sources */ = {isa = PBXBuildFile; fileRef = A23EC8C72BE258FC00627168 /* PageView.swift */; };
		A23EC8CA2BE26A9E00627168 /* PageControl.swift in Sources */ = {isa = PBXBuildFile; fileRef = A23EC8C92BE26A9E00627168 /* PageControl.swift */; };
		A269C1182BE3BD1400EC41B4 /* ContentView.swift in Sources */ = {isa = PBXBuildFile; fileRef = A269C1172BE3BD1400EC41B4 /* ContentView.swift */; };
		A269C11A2BE3BD1500EC41B4 /* Assets.xcassets in Resources */ = {isa = PBXBuildFile; fileRef = A269C1192BE3BD1500EC41B4 /* Assets.xcassets */; };
		A269C11D2BE3BD1500EC41B4 /* Preview Assets.xcassets in Resources */ = {isa = PBXBuildFile; fileRef = A269C11C2BE3BD1500EC41B4 /* Preview Assets.xcassets */; };
		A269C1222BE3BD9400EC41B4 /* hikeData.json in Resources */ = {isa = PBXBuildFile; fileRef = A26EA4A72BDA1BDC00D17F51 /* hikeData.json */; };
		A269C1232BE3BD9400EC41B4 /* LandmarkRow.swift in Sources */ = {isa = PBXBuildFile; fileRef = A2F370882BD2791700412CCD /* LandmarkRow.swift */; };
		A269C1242BE3BD9400EC41B4 /* Landmark.swift in Sources */ = {isa = PBXBuildFile; fileRef = A2F370832BD277DB00412CCD /* Landmark.swift */; };
		A269C1252BE3BD9400EC41B4 /* ModelData.swift in Sources */ = {isa = PBXBuildFile; fileRef = A2F370852BD2787B00412CCD /* ModelData.swift */; };
		A269C1262BE3BD9400EC41B4 /* Profile.swift in Sources */ = {isa = PBXBuildFile; fileRef = A26EA4AF2BDA366D00D17F51 /* Profile.swift */; };
		A269C1272BE3BD9400EC41B4 /* Assets.xcassets in Resources */ = {isa = PBXBuildFile; fileRef = A2D8A96A2BD246B500F0DEA9 /* Assets.xcassets */; };
		A269C1282BE3BD9400EC41B4 /* LandmarkList.swift in Sources */ = {isa = PBXBuildFile; fileRef = A2F3708A2BD27A7800412CCD /* LandmarkList.swift */; };
		A269C1292BE3BD9400EC41B4 /* MapView.swift in Sources */ = {isa = PBXBuildFile; fileRef = A2D8A9902BD2474B00F0DEA9 /* MapView.swift */; };
		A269C12A2BE3BD9400EC41B4 /* FavoriteButton.swift in Sources */ = {isa = PBXBuildFile; fileRef = A26EA48D2BDA055F00D17F51 /* FavoriteButton.swift */; };
		A269C12B2BE3BD9400EC41B4 /* LandmarkAppApp.swift in Sources */ = {isa = PBXBuildFile; fileRef = A2D8A9662BD246B400F0DEA9 /* LandmarkAppApp.swift */; };
		A269C12C2BE3BD9400EC41B4 /* landmarkData.json in Resources */ = {isa = PBXBuildFile; fileRef = A2F370802BD276A400412CCD /* landmarkData.json */; };
		A269C12D2BE3BD9400EC41B4 /* CircleImage.swift in Sources */ = {isa = PBXBuildFile; fileRef = A2D8A9922BD2475700F0DEA9 /* CircleImage.swift */; };
		A269C12E2BE3BD9400EC41B4 /* Hike.swift in Sources */ = {isa = PBXBuildFile; fileRef = A26EA49A2BDA181600D17F51 /* Hike.swift */; };
		A269C1302BE3C19200EC41B4 /* LandmarkDetail.swift in Sources */ = {isa = PBXBuildFile; fileRef = A269C12F2BE3C19200EC41B4 /* LandmarkDetail.swift */; };
		A269C1322BE3C72900EC41B4 /* LandmarkCommands.swift in Sources */ = {isa = PBXBuildFile; fileRef = A269C1312BE3C72900EC41B4 /* LandmarkCommands.swift */; };
		A269C1342BE3C94C00EC41B4 /* LandmarkSettings.swift in Sources */ = {isa = PBXBuildFile; fileRef = A269C1332BE3C94C00EC41B4 /* LandmarkSettings.swift */; };
		A269C1352BE3CB8100EC41B4 /* LandmarkCommands.swift in Sources */ = {isa = PBXBuildFile; fileRef = A269C1312BE3C72900EC41B4 /* LandmarkCommands.swift */; };
		A269C1362BE3CBA000EC41B4 /* LandmarkSettings.swift in Sources */ = {isa = PBXBuildFile; fileRef = A269C1332BE3C94C00EC41B4 /* LandmarkSettings.swift */; };
		A26EA48E2BDA055F00D17F51 /* FavoriteButton.swift in Sources */ = {isa = PBXBuildFile; fileRef = A26EA48D2BDA055F00D17F51 /* FavoriteButton.swift */; };
		A26EA4902BDA0F8B00D17F51 /* HexagonParameters.swift in Sources */ = {isa = PBXBuildFile; fileRef = A26EA48F2BDA0F8B00D17F51 /* HexagonParameters.swift */; };
		A26EA4922BDA106C00D17F51 /* BadgeBackground.swift in Sources */ = {isa = PBXBuildFile; fileRef = A26EA4912BDA106B00D17F51 /* BadgeBackground.swift */; };
		A26EA4942BDA15CB00D17F51 /* BadgeSymbol.swift in Sources */ = {isa = PBXBuildFile; fileRef = A26EA4932BDA15CB00D17F51 /* BadgeSymbol.swift */; };
		A26EA4962BDA160600D17F51 /* RotatedBadgeSymbol.swift in Sources */ = {isa = PBXBuildFile; fileRef = A26EA4952BDA160600D17F51 /* RotatedBadgeSymbol.swift */; };
		A26EA4982BDA162E00D17F51 /* Badge.swift in Sources */ = {isa = PBXBuildFile; fileRef = A26EA4972BDA162E00D17F51 /* Badge.swift */; };
		A26EA49B2BDA181600D17F51 /* Hike.swift in Sources */ = {isa = PBXBuildFile; fileRef = A26EA49A2BDA181600D17F51 /* Hike.swift */; };
		A26EA4A32BDA1B3200D17F51 /* GraphCapsule.swift in Sources */ = {isa = PBXBuildFile; fileRef = A26EA49F2BDA1B3200D17F51 /* GraphCapsule.swift */; };
		A26EA4A42BDA1B3200D17F51 /* HikeGraph.swift in Sources */ = {isa = PBXBuildFile; fileRef = A26EA4A02BDA1B3200D17F51 /* HikeGraph.swift */; };
		A26EA4A52BDA1B3200D17F51 /* HikeDetail.swift in Sources */ = {isa = PBXBuildFile; fileRef = A26EA4A12BDA1B3200D17F51 /* HikeDetail.swift */; };
		A26EA4A62BDA1B3200D17F51 /* HikeView.swift in Sources */ = {isa = PBXBuildFile; fileRef = A26EA4A22BDA1B3200D17F51 /* HikeView.swift */; };
		A26EA4A82BDA1BDC00D17F51 /* hikeData.json in Resources */ = {isa = PBXBuildFile; fileRef = A26EA4A72BDA1BDC00D17F51 /* hikeData.json */; };
		A26EA4AA2BDA202400D17F51 /* CategoryHome.swift in Sources */ = {isa = PBXBuildFile; fileRef = A26EA4A92BDA202400D17F51 /* CategoryHome.swift */; };
		A26EA4AC2BDA21B900D17F51 /* CategoryRow.swift in Sources */ = {isa = PBXBuildFile; fileRef = A26EA4AB2BDA21B900D17F51 /* CategoryRow.swift */; };
		A26EA4AE2BDA21C500D17F51 /* CategoryItem.swift in Sources */ = {isa = PBXBuildFile; fileRef = A26EA4AD2BDA21C500D17F51 /* CategoryItem.swift */; };
		A26EA4B02BDA366D00D17F51 /* Profile.swift in Sources */ = {isa = PBXBuildFile; fileRef = A26EA4AF2BDA366D00D17F51 /* Profile.swift */; };
		A26EA4B22BDA368900D17F51 /* ProfileHost.swift in Sources */ = {isa = PBXBuildFile; fileRef = A26EA4B12BDA368900D17F51 /* ProfileHost.swift */; };
		A26EA4B42BDA36B600D17F51 /* ProfileSummary.swift in Sources */ = {isa = PBXBuildFile; fileRef = A26EA4B32BDA36B600D17F51 /* ProfileSummary.swift */; };
		A26EA4B62BDA36E100D17F51 /* HikeBadge.swift in Sources */ = {isa = PBXBuildFile; fileRef = A26EA4B52BDA36E100D17F51 /* HikeBadge.swift */; };
		A26EA4B92BDA381C00D17F51 /* ProfileEditor.swift in Sources */ = {isa = PBXBuildFile; fileRef = A26EA4B82BDA381C00D17F51 /* ProfileEditor.swift */; };
		A2A28D962BE39D0600363982 /* WatchLandmarks Watch App.app in Embed Watch Content */ = {isa = PBXBuildFile; fileRef = A2A28D952BE39D0600363982 /* WatchLandmarks Watch App.app */; settings = {ATTRIBUTES = (RemoveHeadersOnCopy, ); }; };
		A2A28D9D2BE39D0600363982 /* ContentView.swift in Sources */ = {isa = PBXBuildFile; fileRef = A2A28D9C2BE39D0600363982 /* ContentView.swift */; };
		A2A28D9F2BE39D0800363982 /* Assets.xcassets in Resources */ = {isa = PBXBuildFile; fileRef = A2A28D9E2BE39D0800363982 /* Assets.xcassets */; };
		A2A28DA22BE39D0800363982 /* Preview Assets.xcassets in Resources */ = {isa = PBXBuildFile; fileRef = A2A28DA12BE39D0800363982 /* Preview Assets.xcassets */; };
		A2A28DAC2BE39D0800363982 /* WatchLandmarks_Watch_AppTests.swift in Sources */ = {isa = PBXBuildFile; fileRef = A2A28DAB2BE39D0800363982 /* WatchLandmarks_Watch_AppTests.swift */; };
		A2A28DB62BE39D0800363982 /* WatchLandmarks_Watch_AppUITests.swift in Sources */ = {isa = PBXBuildFile; fileRef = A2A28DB52BE39D0800363982 /* WatchLandmarks_Watch_AppUITests.swift */; };
		A2A28DB82BE39D0800363982 /* WatchLandmarks_Watch_AppUITestsLaunchTests.swift in Sources */ = {isa = PBXBuildFile; fileRef = A2A28DB72BE39D0800363982 /* WatchLandmarks_Watch_AppUITestsLaunchTests.swift */; };
		A2A28DC62BE39E9B00363982 /* Landmark.swift in Sources */ = {isa = PBXBuildFile; fileRef = A2F370832BD277DB00412CCD /* Landmark.swift */; };
		A2A28DC72BE39E9B00363982 /* ModelData.swift in Sources */ = {isa = PBXBuildFile; fileRef = A2F370852BD2787B00412CCD /* ModelData.swift */; };
		A2A28DC82BE39E9B00363982 /* Profile.swift in Sources */ = {isa = PBXBuildFile; fileRef = A26EA4AF2BDA366D00D17F51 /* Profile.swift */; };
		A2A28DC92BE39E9B00363982 /* LandmarkAppApp.swift in Sources */ = {isa = PBXBuildFile; fileRef = A2D8A9662BD246B400F0DEA9 /* LandmarkAppApp.swift */; };
		A2A28DCA2BE39E9B00363982 /* LandmarkRow.swift in Sources */ = {isa = PBXBuildFile; fileRef = A2F370882BD2791700412CCD /* LandmarkRow.swift */; };
		A2A28DCB2BE39E9B00363982 /* CircleImage.swift in Sources */ = {isa = PBXBuildFile; fileRef = A2D8A9922BD2475700F0DEA9 /* CircleImage.swift */; };
		A2A28DCC2BE39E9B00363982 /* Hike.swift in Sources */ = {isa = PBXBuildFile; fileRef = A26EA49A2BDA181600D17F51 /* Hike.swift */; };
		A2A28DCE2BE39E9B00363982 /* MapView.swift in Sources */ = {isa = PBXBuildFile; fileRef = A2D8A9902BD2474B00F0DEA9 /* MapView.swift */; };
		A2A28DD02BE3A07600363982 /* LandmarkDetail.swift in Sources */ = {isa = PBXBuildFile; fileRef = A2A28DCF2BE3A07600363982 /* LandmarkDetail.swift */; };
		A2A28DD12BE3A1AE00363982 /* Assets.xcassets in Resources */ = {isa = PBXBuildFile; fileRef = A2D8A96A2BD246B500F0DEA9 /* Assets.xcassets */; };
		A2A28DD22BE3A1B400363982 /* landmarkData.json in Resources */ = {isa = PBXBuildFile; fileRef = A2F370802BD276A400412CCD /* landmarkData.json */; };
		A2A28DD32BE3A1B700363982 /* hikeData.json in Resources */ = {isa = PBXBuildFile; fileRef = A26EA4A72BDA1BDC00D17F51 /* hikeData.json */; };
		A2A28DD52BE3A39700363982 /* NotificationView.swift in Sources */ = {isa = PBXBuildFile; fileRef = A2A28DD42BE3A39700363982 /* NotificationView.swift */; };
		A2A28DD72BE3A46200363982 /* NotificationController.swift in Sources */ = {isa = PBXBuildFile; fileRef = A2A28DD62BE3A46200363982 /* NotificationController.swift */; };
		A2A28DD92BE3A72800363982 /* PushNotificationPayload.apns in Resources */ = {isa = PBXBuildFile; fileRef = A2A28DD82BE3A5C400363982 /* PushNotificationPayload.apns */; };
		A2D8A9672BD246B400F0DEA9 /* LandmarkAppApp.swift in Sources */ = {isa = PBXBuildFile; fileRef = A2D8A9662BD246B400F0DEA9 /* LandmarkAppApp.swift */; };
		A2D8A9692BD246B400F0DEA9 /* ContentView.swift in Sources */ = {isa = PBXBuildFile; fileRef = A2D8A9682BD246B400F0DEA9 /* ContentView.swift */; };
		A2D8A96B2BD246B500F0DEA9 /* Assets.xcassets in Resources */ = {isa = PBXBuildFile; fileRef = A2D8A96A2BD246B500F0DEA9 /* Assets.xcassets */; };
		A2D8A96E2BD246B500F0DEA9 /* Preview Assets.xcassets in Resources */ = {isa = PBXBuildFile; fileRef = A2D8A96D2BD246B500F0DEA9 /* Preview Assets.xcassets */; };
		A2D8A9782BD246B500F0DEA9 /* LandmarkAppTests.swift in Sources */ = {isa = PBXBuildFile; fileRef = A2D8A9772BD246B500F0DEA9 /* LandmarkAppTests.swift */; };
		A2D8A9822BD246B500F0DEA9 /* LandmarkAppUITests.swift in Sources */ = {isa = PBXBuildFile; fileRef = A2D8A9812BD246B500F0DEA9 /* LandmarkAppUITests.swift */; };
		A2D8A9842BD246B500F0DEA9 /* LandmarkAppUITestsLaunchTests.swift in Sources */ = {isa = PBXBuildFile; fileRef = A2D8A9832BD246B500F0DEA9 /* LandmarkAppUITestsLaunchTests.swift */; };
		A2D8A9912BD2474B00F0DEA9 /* MapView.swift in Sources */ = {isa = PBXBuildFile; fileRef = A2D8A9902BD2474B00F0DEA9 /* MapView.swift */; };
		A2D8A9932BD2475700F0DEA9 /* CircleImage.swift in Sources */ = {isa = PBXBuildFile; fileRef = A2D8A9922BD2475700F0DEA9 /* CircleImage.swift */; };
		A2F370812BD276A400412CCD /* landmarkData.json in Resources */ = {isa = PBXBuildFile; fileRef = A2F370802BD276A400412CCD /* landmarkData.json */; };
		A2F370842BD277DB00412CCD /* Landmark.swift in Sources */ = {isa = PBXBuildFile; fileRef = A2F370832BD277DB00412CCD /* Landmark.swift */; };
		A2F370862BD2787B00412CCD /* ModelData.swift in Sources */ = {isa = PBXBuildFile; fileRef = A2F370852BD2787B00412CCD /* ModelData.swift */; };
		A2F370892BD2791700412CCD /* LandmarkRow.swift in Sources */ = {isa = PBXBuildFile; fileRef = A2F370882BD2791700412CCD /* LandmarkRow.swift */; };
		A2F3708B2BD27A7800412CCD /* LandmarkList.swift in Sources */ = {isa = PBXBuildFile; fileRef = A2F3708A2BD27A7800412CCD /* LandmarkList.swift */; };
		A2F3708D2BD27D8B00412CCD /* LandmarkDetail.swift in Sources */ = {isa = PBXBuildFile; fileRef = A2F3708C2BD27D8B00412CCD /* LandmarkDetail.swift */; };
/* End PBXBuildFile section */

/* Begin PBXContainerItemProxy section */
		A2A28D972BE39D0600363982 /* PBXContainerItemProxy */ = {
			isa = PBXContainerItemProxy;
			containerPortal = A2D8A95B2BD246B400F0DEA9 /* Project object */;
			proxyType = 1;
			remoteGlobalIDString = A2A28D942BE39D0600363982;
			remoteInfo = "WatchLandmarks Watch App";
		};
		A2A28DA82BE39D0800363982 /* PBXContainerItemProxy */ = {
			isa = PBXContainerItemProxy;
			containerPortal = A2D8A95B2BD246B400F0DEA9 /* Project object */;
			proxyType = 1;
			remoteGlobalIDString = A2A28D942BE39D0600363982;
			remoteInfo = "WatchLandmarks Watch App";
		};
		A2A28DB22BE39D0800363982 /* PBXContainerItemProxy */ = {
			isa = PBXContainerItemProxy;
			containerPortal = A2D8A95B2BD246B400F0DEA9 /* Project object */;
			proxyType = 1;
			remoteGlobalIDString = A2A28D942BE39D0600363982;
			remoteInfo = "WatchLandmarks Watch App";
		};
		A2D8A9742BD246B500F0DEA9 /* PBXContainerItemProxy */ = {
			isa = PBXContainerItemProxy;
			containerPortal = A2D8A95B2BD246B400F0DEA9 /* Project object */;
			proxyType = 1;
			remoteGlobalIDString = A2D8A9622BD246B400F0DEA9;
			remoteInfo = LandmarkApp;
		};
		A2D8A97E2BD246B500F0DEA9 /* PBXContainerItemProxy */ = {
			isa = PBXContainerItemProxy;
			containerPortal = A2D8A95B2BD246B400F0DEA9 /* Project object */;
			proxyType = 1;
			remoteGlobalIDString = A2D8A9622BD246B400F0DEA9;
			remoteInfo = LandmarkApp;
		};
/* End PBXContainerItemProxy section */

/* Begin PBXCopyFilesBuildPhase section */
		A2A28DBB2BE39D0800363982 /* Embed Watch Content */ = {
			isa = PBXCopyFilesBuildPhase;
			buildActionMask = 2147483647;
			dstPath = "$(CONTENTS_FOLDER_PATH)/Watch";
			dstSubfolderSpec = 16;
			files = (
				A2A28D962BE39D0600363982 /* WatchLandmarks Watch App.app in Embed Watch Content */,
			);
			name = "Embed Watch Content";
			runOnlyForDeploymentPostprocessing = 0;
		};
/* End PBXCopyFilesBuildPhase section */

/* Begin PBXFileReference section */
		A23102F22BE3CF13009E4834 /* LandmarkList.swift */ = {isa = PBXFileReference; lastKnownFileType = sourcecode.swift; path = LandmarkList.swift; sourceTree = "<group>"; };
		A23EC8C32BE2574F00627168 /* PageViewController.swift */ = {isa = PBXFileReference; lastKnownFileType = sourcecode.swift; path = PageViewController.swift; sourceTree = "<group>"; };
		A23EC8C52BE2583B00627168 /* FeaturedCard.swift */ = {isa = PBXFileReference; lastKnownFileType = sourcecode.swift; path = FeaturedCard.swift; sourceTree = "<group>"; };
		A23EC8C72BE258FC00627168 /* PageView.swift */ = {isa = PBXFileReference; lastKnownFileType = sourcecode.swift; path = PageView.swift; sourceTree = "<group>"; };
		A23EC8C92BE26A9E00627168 /* PageControl.swift */ = {isa = PBXFileReference; lastKnownFileType = sourcecode.swift; path = PageControl.swift; sourceTree = "<group>"; };
		A269C1132BE3BD1400EC41B4 /* MacLandmarks.app */ = {isa = PBXFileReference; explicitFileType = wrapper.application; includeInIndex = 0; path = MacLandmarks.app; sourceTree = BUILT_PRODUCTS_DIR; };
		A269C1172BE3BD1400EC41B4 /* ContentView.swift */ = {isa = PBXFileReference; lastKnownFileType = sourcecode.swift; path = ContentView.swift; sourceTree = "<group>"; };
		A269C1192BE3BD1500EC41B4 /* Assets.xcassets */ = {isa = PBXFileReference; lastKnownFileType = folder.assetcatalog; path = Assets.xcassets; sourceTree = "<group>"; };
		A269C11C2BE3BD1500EC41B4 /* Preview Assets.xcassets */ = {isa = PBXFileReference; lastKnownFileType = folder.assetcatalog; path = "Preview Assets.xcassets"; sourceTree = "<group>"; };
		A269C11E2BE3BD1500EC41B4 /* MacLandmarks.entitlements */ = {isa = PBXFileReference; lastKnownFileType = text.plist.entitlements; path = MacLandmarks.entitlements; sourceTree = "<group>"; };
		A269C12F2BE3C19200EC41B4 /* LandmarkDetail.swift */ = {isa = PBXFileReference; lastKnownFileType = sourcecode.swift; path = LandmarkDetail.swift; sourceTree = "<group>"; };
		A269C1312BE3C72900EC41B4 /* LandmarkCommands.swift */ = {isa = PBXFileReference; lastKnownFileType = sourcecode.swift; path = LandmarkCommands.swift; sourceTree = "<group>"; };
		A269C1332BE3C94C00EC41B4 /* LandmarkSettings.swift */ = {isa = PBXFileReference; lastKnownFileType = sourcecode.swift; path = LandmarkSettings.swift; sourceTree = "<group>"; };
		A26EA48D2BDA055F00D17F51 /* FavoriteButton.swift */ = {isa = PBXFileReference; lastKnownFileType = sourcecode.swift; path = FavoriteButton.swift; sourceTree = "<group>"; };
		A26EA48F2BDA0F8B00D17F51 /* HexagonParameters.swift */ = {isa = PBXFileReference; lastKnownFileType = sourcecode.swift; path = HexagonParameters.swift; sourceTree = "<group>"; };
		A26EA4912BDA106B00D17F51 /* BadgeBackground.swift */ = {isa = PBXFileReference; lastKnownFileType = sourcecode.swift; path = BadgeBackground.swift; sourceTree = "<group>"; };
		A26EA4932BDA15CB00D17F51 /* BadgeSymbol.swift */ = {isa = PBXFileReference; lastKnownFileType = sourcecode.swift; path = BadgeSymbol.swift; sourceTree = "<group>"; };
		A26EA4952BDA160600D17F51 /* RotatedBadgeSymbol.swift */ = {isa = PBXFileReference; lastKnownFileType = sourcecode.swift; path = RotatedBadgeSymbol.swift; sourceTree = "<group>"; };
		A26EA4972BDA162E00D17F51 /* Badge.swift */ = {isa = PBXFileReference; lastKnownFileType = sourcecode.swift; path = Badge.swift; sourceTree = "<group>"; };
		A26EA49A2BDA181600D17F51 /* Hike.swift */ = {isa = PBXFileReference; lastKnownFileType = sourcecode.swift; path = Hike.swift; sourceTree = "<group>"; };
		A26EA49F2BDA1B3200D17F51 /* GraphCapsule.swift */ = {isa = PBXFileReference; fileEncoding = 4; lastKnownFileType = sourcecode.swift; path = GraphCapsule.swift; sourceTree = "<group>"; };
		A26EA4A02BDA1B3200D17F51 /* HikeGraph.swift */ = {isa = PBXFileReference; fileEncoding = 4; lastKnownFileType = sourcecode.swift; path = HikeGraph.swift; sourceTree = "<group>"; };
		A26EA4A12BDA1B3200D17F51 /* HikeDetail.swift */ = {isa = PBXFileReference; fileEncoding = 4; lastKnownFileType = sourcecode.swift; path = HikeDetail.swift; sourceTree = "<group>"; };
		A26EA4A22BDA1B3200D17F51 /* HikeView.swift */ = {isa = PBXFileReference; fileEncoding = 4; lastKnownFileType = sourcecode.swift; path = HikeView.swift; sourceTree = "<group>"; };
		A26EA4A72BDA1BDC00D17F51 /* hikeData.json */ = {isa = PBXFileReference; fileEncoding = 4; lastKnownFileType = text.json; path = hikeData.json; sourceTree = "<group>"; };
		A26EA4A92BDA202400D17F51 /* CategoryHome.swift */ = {isa = PBXFileReference; lastKnownFileType = sourcecode.swift; path = CategoryHome.swift; sourceTree = "<group>"; };
		A26EA4AB2BDA21B900D17F51 /* CategoryRow.swift */ = {isa = PBXFileReference; lastKnownFileType = sourcecode.swift; path = CategoryRow.swift; sourceTree = "<group>"; };
		A26EA4AD2BDA21C500D17F51 /* CategoryItem.swift */ = {isa = PBXFileReference; lastKnownFileType = sourcecode.swift; path = CategoryItem.swift; sourceTree = "<group>"; };
		A26EA4AF2BDA366D00D17F51 /* Profile.swift */ = {isa = PBXFileReference; lastKnownFileType = sourcecode.swift; path = Profile.swift; sourceTree = "<group>"; };
		A26EA4B12BDA368900D17F51 /* ProfileHost.swift */ = {isa = PBXFileReference; lastKnownFileType = sourcecode.swift; path = ProfileHost.swift; sourceTree = "<group>"; };
		A26EA4B32BDA36B600D17F51 /* ProfileSummary.swift */ = {isa = PBXFileReference; lastKnownFileType = sourcecode.swift; path = ProfileSummary.swift; sourceTree = "<group>"; };
		A26EA4B52BDA36E100D17F51 /* HikeBadge.swift */ = {isa = PBXFileReference; lastKnownFileType = sourcecode.swift; path = HikeBadge.swift; sourceTree = "<group>"; };
		A26EA4B82BDA381C00D17F51 /* ProfileEditor.swift */ = {isa = PBXFileReference; lastKnownFileType = sourcecode.swift; path = ProfileEditor.swift; sourceTree = "<group>"; };
		A2A28D902BE39D0600363982 /* WatchLandmarks.app */ = {isa = PBXFileReference; explicitFileType = wrapper.application; includeInIndex = 0; path = WatchLandmarks.app; sourceTree = BUILT_PRODUCTS_DIR; };
		A2A28D952BE39D0600363982 /* WatchLandmarks Watch App.app */ = {isa = PBXFileReference; explicitFileType = wrapper.application; includeInIndex = 0; path = "WatchLandmarks Watch App.app"; sourceTree = BUILT_PRODUCTS_DIR; };
		A2A28D9C2BE39D0600363982 /* ContentView.swift */ = {isa = PBXFileReference; lastKnownFileType = sourcecode.swift; path = ContentView.swift; sourceTree = "<group>"; };
		A2A28D9E2BE39D0800363982 /* Assets.xcassets */ = {isa = PBXFileReference; lastKnownFileType = folder.assetcatalog; path = Assets.xcassets; sourceTree = "<group>"; };
		A2A28DA12BE39D0800363982 /* Preview Assets.xcassets */ = {isa = PBXFileReference; lastKnownFileType = folder.assetcatalog; path = "Preview Assets.xcassets"; sourceTree = "<group>"; };
		A2A28DA72BE39D0800363982 /* WatchLandmarks Watch AppTests.xctest */ = {isa = PBXFileReference; explicitFileType = wrapper.cfbundle; includeInIndex = 0; path = "WatchLandmarks Watch AppTests.xctest"; sourceTree = BUILT_PRODUCTS_DIR; };
		A2A28DAB2BE39D0800363982 /* WatchLandmarks_Watch_AppTests.swift */ = {isa = PBXFileReference; lastKnownFileType = sourcecode.swift; path = WatchLandmarks_Watch_AppTests.swift; sourceTree = "<group>"; };
		A2A28DB12BE39D0800363982 /* WatchLandmarks Watch AppUITests.xctest */ = {isa = PBXFileReference; explicitFileType = wrapper.cfbundle; includeInIndex = 0; path = "WatchLandmarks Watch AppUITests.xctest"; sourceTree = BUILT_PRODUCTS_DIR; };
		A2A28DB52BE39D0800363982 /* WatchLandmarks_Watch_AppUITests.swift */ = {isa = PBXFileReference; lastKnownFileType = sourcecode.swift; path = WatchLandmarks_Watch_AppUITests.swift; sourceTree = "<group>"; };
		A2A28DB72BE39D0800363982 /* WatchLandmarks_Watch_AppUITestsLaunchTests.swift */ = {isa = PBXFileReference; lastKnownFileType = sourcecode.swift; path = WatchLandmarks_Watch_AppUITestsLaunchTests.swift; sourceTree = "<group>"; };
		A2A28DCF2BE3A07600363982 /* LandmarkDetail.swift */ = {isa = PBXFileReference; lastKnownFileType = sourcecode.swift; path = LandmarkDetail.swift; sourceTree = "<group>"; };
		A2A28DD42BE3A39700363982 /* NotificationView.swift */ = {isa = PBXFileReference; lastKnownFileType = sourcecode.swift; path = NotificationView.swift; sourceTree = "<group>"; };
		A2A28DD62BE3A46200363982 /* NotificationController.swift */ = {isa = PBXFileReference; lastKnownFileType = sourcecode.swift; path = NotificationController.swift; sourceTree = "<group>"; };
		A2A28DD82BE3A5C400363982 /* PushNotificationPayload.apns */ = {isa = PBXFileReference; lastKnownFileType = text; path = PushNotificationPayload.apns; sourceTree = "<group>"; };
		A2D8A9632BD246B400F0DEA9 /* LandmarkApp.app */ = {isa = PBXFileReference; explicitFileType = wrapper.application; includeInIndex = 0; path = LandmarkApp.app; sourceTree = BUILT_PRODUCTS_DIR; };
		A2D8A9662BD246B400F0DEA9 /* LandmarkAppApp.swift */ = {isa = PBXFileReference; lastKnownFileType = sourcecode.swift; path = LandmarkAppApp.swift; sourceTree = "<group>"; };
		A2D8A9682BD246B400F0DEA9 /* ContentView.swift */ = {isa = PBXFileReference; lastKnownFileType = sourcecode.swift; path = ContentView.swift; sourceTree = "<group>"; };
		A2D8A96A2BD246B500F0DEA9 /* Assets.xcassets */ = {isa = PBXFileReference; lastKnownFileType = folder.assetcatalog; path = Assets.xcassets; sourceTree = "<group>"; };
		A2D8A96D2BD246B500F0DEA9 /* Preview Assets.xcassets */ = {isa = PBXFileReference; lastKnownFileType = folder.assetcatalog; path = "Preview Assets.xcassets"; sourceTree = "<group>"; };
		A2D8A9732BD246B500F0DEA9 /* LandmarkAppTests.xctest */ = {isa = PBXFileReference; explicitFileType = wrapper.cfbundle; includeInIndex = 0; path = LandmarkAppTests.xctest; sourceTree = BUILT_PRODUCTS_DIR; };
		A2D8A9772BD246B500F0DEA9 /* LandmarkAppTests.swift */ = {isa = PBXFileReference; lastKnownFileType = sourcecode.swift; path = LandmarkAppTests.swift; sourceTree = "<group>"; };
		A2D8A97D2BD246B500F0DEA9 /* LandmarkAppUITests.xctest */ = {isa = PBXFileReference; explicitFileType = wrapper.cfbundle; includeInIndex = 0; path = LandmarkAppUITests.xctest; sourceTree = BUILT_PRODUCTS_DIR; };
		A2D8A9812BD246B500F0DEA9 /* LandmarkAppUITests.swift */ = {isa = PBXFileReference; lastKnownFileType = sourcecode.swift; path = LandmarkAppUITests.swift; sourceTree = "<group>"; };
		A2D8A9832BD246B500F0DEA9 /* LandmarkAppUITestsLaunchTests.swift */ = {isa = PBXFileReference; lastKnownFileType = sourcecode.swift; path = LandmarkAppUITestsLaunchTests.swift; sourceTree = "<group>"; };
		A2D8A9902BD2474B00F0DEA9 /* MapView.swift */ = {isa = PBXFileReference; lastKnownFileType = sourcecode.swift; path = MapView.swift; sourceTree = "<group>"; };
		A2D8A9922BD2475700F0DEA9 /* CircleImage.swift */ = {isa = PBXFileReference; lastKnownFileType = sourcecode.swift; path = CircleImage.swift; sourceTree = "<group>"; };
		A2F370802BD276A400412CCD /* landmarkData.json */ = {isa = PBXFileReference; fileEncoding = 4; lastKnownFileType = text.json; path = landmarkData.json; sourceTree = "<group>"; };
		A2F370832BD277DB00412CCD /* Landmark.swift */ = {isa = PBXFileReference; lastKnownFileType = sourcecode.swift; path = Landmark.swift; sourceTree = "<group>"; };
		A2F370852BD2787B00412CCD /* ModelData.swift */ = {isa = PBXFileReference; lastKnownFileType = sourcecode.swift; path = ModelData.swift; sourceTree = "<group>"; };
		A2F370882BD2791700412CCD /* LandmarkRow.swift */ = {isa = PBXFileReference; lastKnownFileType = sourcecode.swift; path = LandmarkRow.swift; sourceTree = "<group>"; };
		A2F3708A2BD27A7800412CCD /* LandmarkList.swift */ = {isa = PBXFileReference; lastKnownFileType = sourcecode.swift; path = LandmarkList.swift; sourceTree = "<group>"; };
		A2F3708C2BD27D8B00412CCD /* LandmarkDetail.swift */ = {isa = PBXFileReference; lastKnownFileType = sourcecode.swift; path = LandmarkDetail.swift; sourceTree = "<group>"; };
/* End PBXFileReference section */

/* Begin PBXFrameworksBuildPhase section */
		A269C1102BE3BD1400EC41B4 /* Frameworks */ = {
			isa = PBXFrameworksBuildPhase;
			buildActionMask = 2147483647;
			files = (
			);
			runOnlyForDeploymentPostprocessing = 0;
		};
		A2A28D922BE39D0600363982 /* Frameworks */ = {
			isa = PBXFrameworksBuildPhase;
			buildActionMask = 2147483647;
			files = (
			);
			runOnlyForDeploymentPostprocessing = 0;
		};
		A2A28DA42BE39D0800363982 /* Frameworks */ = {
			isa = PBXFrameworksBuildPhase;
			buildActionMask = 2147483647;
			files = (
			);
			runOnlyForDeploymentPostprocessing = 0;
		};
		A2A28DAE2BE39D0800363982 /* Frameworks */ = {
			isa = PBXFrameworksBuildPhase;
			buildActionMask = 2147483647;
			files = (
			);
			runOnlyForDeploymentPostprocessing = 0;
		};
		A2D8A9602BD246B400F0DEA9 /* Frameworks */ = {
			isa = PBXFrameworksBuildPhase;
			buildActionMask = 2147483647;
			files = (
			);
			runOnlyForDeploymentPostprocessing = 0;
		};
		A2D8A9702BD246B500F0DEA9 /* Frameworks */ = {
			isa = PBXFrameworksBuildPhase;
			buildActionMask = 2147483647;
			files = (
			);
			runOnlyForDeploymentPostprocessing = 0;
		};
		A2D8A97A2BD246B500F0DEA9 /* Frameworks */ = {
			isa = PBXFrameworksBuildPhase;
			buildActionMask = 2147483647;
			files = (
			);
			runOnlyForDeploymentPostprocessing = 0;
		};
/* End PBXFrameworksBuildPhase section */

/* Begin PBXGroup section */
		A23EC8C12BE256B400627168 /* Landmark */ = {
			isa = PBXGroup;
			children = (
				A2F3708C2BD27D8B00412CCD /* LandmarkDetail.swift */,
				A2F370882BD2791700412CCD /* LandmarkRow.swift */,
				A2F3708A2BD27A7800412CCD /* LandmarkList.swift */,
				A23EC8C52BE2583B00627168 /* FeaturedCard.swift */,
				A23EC8C72BE258FC00627168 /* PageView.swift */,
				A23EC8C92BE26A9E00627168 /* PageControl.swift */,
			);
			path = Landmark;
			sourceTree = "<group>";
		};
		A23EC8C22BE256E000627168 /* Category */ = {
			isa = PBXGroup;
			children = (
				A26EA4A92BDA202400D17F51 /* CategoryHome.swift */,
				A26EA4AB2BDA21B900D17F51 /* CategoryRow.swift */,
				A26EA4AD2BDA21C500D17F51 /* CategoryItem.swift */,
			);
			path = Category;
			sourceTree = "<group>";
		};
		A269C1142BE3BD1400EC41B4 /* MacLandmarks */ = {
			isa = PBXGroup;
			children = (
				A269C1172BE3BD1400EC41B4 /* ContentView.swift */,
				A269C1192BE3BD1500EC41B4 /* Assets.xcassets */,
				A269C11E2BE3BD1500EC41B4 /* MacLandmarks.entitlements */,
				A269C11B2BE3BD1500EC41B4 /* Preview Content */,
				A269C12F2BE3C19200EC41B4 /* LandmarkDetail.swift */,
				A269C1312BE3C72900EC41B4 /* LandmarkCommands.swift */,
				A269C1332BE3C94C00EC41B4 /* LandmarkSettings.swift */,
			);
			path = MacLandmarks;
			sourceTree = "<group>";
		};
		A269C11B2BE3BD1500EC41B4 /* Preview Content */ = {
			isa = PBXGroup;
			children = (
				A269C11C2BE3BD1500EC41B4 /* Preview Assets.xcassets */,
			);
			path = "Preview Content";
			sourceTree = "<group>";
		};
		A26EA48C2BDA048100D17F51 /* Helper */ = {
			isa = PBXGroup;
			children = (
				A2D8A9902BD2474B00F0DEA9 /* MapView.swift */,
				A2D8A9922BD2475700F0DEA9 /* CircleImage.swift */,
				A26EA48D2BDA055F00D17F51 /* FavoriteButton.swift */,
			);
			path = Helper;
			sourceTree = "<group>";
		};
		A26EA4992BDA166500D17F51 /* Badge */ = {
			isa = PBXGroup;
			children = (
				A26EA4912BDA106B00D17F51 /* BadgeBackground.swift */,
				A26EA4952BDA160600D17F51 /* RotatedBadgeSymbol.swift */,
				A26EA4972BDA162E00D17F51 /* Badge.swift */,
				A26EA4932BDA15CB00D17F51 /* BadgeSymbol.swift */,
				A26EA48F2BDA0F8B00D17F51 /* HexagonParameters.swift */,
				A26EA4B52BDA36E100D17F51 /* HikeBadge.swift */,
			);
			path = Badge;
			sourceTree = "<group>";
		};
		A26EA49E2BDA1B3200D17F51 /* Hikes */ = {
			isa = PBXGroup;
			children = (
				A26EA49F2BDA1B3200D17F51 /* GraphCapsule.swift */,
				A26EA4A02BDA1B3200D17F51 /* HikeGraph.swift */,
				A26EA4A12BDA1B3200D17F51 /* HikeDetail.swift */,
				A26EA4A22BDA1B3200D17F51 /* HikeView.swift */,
			);
			path = Hikes;
			sourceTree = "<group>";
		};
		A26EA4B72BDA380900D17F51 /* Profile */ = {
			isa = PBXGroup;
			children = (
				A26EA4AF2BDA366D00D17F51 /* Profile.swift */,
				A26EA4B12BDA368900D17F51 /* ProfileHost.swift */,
				A26EA4B32BDA36B600D17F51 /* ProfileSummary.swift */,
				A26EA4B82BDA381C00D17F51 /* ProfileEditor.swift */,
			);
			path = Profile;
			sourceTree = "<group>";
		};
		A2A28D992BE39D0600363982 /* WatchLandmarks Watch App */ = {
			isa = PBXGroup;
			children = (
				A2A28D9C2BE39D0600363982 /* ContentView.swift */,
				A2A28D9E2BE39D0800363982 /* Assets.xcassets */,
				A2A28DA02BE39D0800363982 /* Preview Content */,
				A2A28DCF2BE3A07600363982 /* LandmarkDetail.swift */,
				A2A28DD62BE3A46200363982 /* NotificationController.swift */,
				A2A28DD42BE3A39700363982 /* NotificationView.swift */,
				A2A28DD82BE3A5C400363982 /* PushNotificationPayload.apns */,
				A23102F22BE3CF13009E4834 /* LandmarkList.swift */,
			);
			path = "WatchLandmarks Watch App";
			sourceTree = "<group>";
		};
		A2A28DA02BE39D0800363982 /* Preview Content */ = {
			isa = PBXGroup;
			children = (
				A2A28DA12BE39D0800363982 /* Preview Assets.xcassets */,
			);
			path = "Preview Content";
			sourceTree = "<group>";
		};
		A2A28DAA2BE39D0800363982 /* WatchLandmarks Watch AppTests */ = {
			isa = PBXGroup;
			children = (
				A2A28DAB2BE39D0800363982 /* WatchLandmarks_Watch_AppTests.swift */,
			);
			path = "WatchLandmarks Watch AppTests";
			sourceTree = "<group>";
		};
		A2A28DB42BE39D0800363982 /* WatchLandmarks Watch AppUITests */ = {
			isa = PBXGroup;
			children = (
				A2A28DB52BE39D0800363982 /* WatchLandmarks_Watch_AppUITests.swift */,
				A2A28DB72BE39D0800363982 /* WatchLandmarks_Watch_AppUITestsLaunchTests.swift */,
			);
			path = "WatchLandmarks Watch AppUITests";
			sourceTree = "<group>";
		};
		A2D8A95A2BD246B400F0DEA9 = {
			isa = PBXGroup;
			children = (
				A2D8A9652BD246B400F0DEA9 /* LandmarkApp */,
				A2D8A9762BD246B500F0DEA9 /* LandmarkAppTests */,
				A2D8A9802BD246B500F0DEA9 /* LandmarkAppUITests */,
				A2A28D992BE39D0600363982 /* WatchLandmarks Watch App */,
				A2A28DAA2BE39D0800363982 /* WatchLandmarks Watch AppTests */,
				A2A28DB42BE39D0800363982 /* WatchLandmarks Watch AppUITests */,
				A269C1142BE3BD1400EC41B4 /* MacLandmarks */,
				A2D8A9642BD246B400F0DEA9 /* Products */,
			);
			sourceTree = "<group>";
		};
		A2D8A9642BD246B400F0DEA9 /* Products */ = {
			isa = PBXGroup;
			children = (
				A2D8A9632BD246B400F0DEA9 /* LandmarkApp.app */,
				A2D8A9732BD246B500F0DEA9 /* LandmarkAppTests.xctest */,
				A2D8A97D2BD246B500F0DEA9 /* LandmarkAppUITests.xctest */,
				A2A28D902BE39D0600363982 /* WatchLandmarks.app */,
				A2A28D952BE39D0600363982 /* WatchLandmarks Watch App.app */,
				A2A28DA72BE39D0800363982 /* WatchLandmarks Watch AppTests.xctest */,
				A2A28DB12BE39D0800363982 /* WatchLandmarks Watch AppUITests.xctest */,
				A269C1132BE3BD1400EC41B4 /* MacLandmarks.app */,
			);
			name = Products;
			sourceTree = "<group>";
		};
		A2D8A9652BD246B400F0DEA9 /* LandmarkApp */ = {
			isa = PBXGroup;
			children = (
				A2F370872BD278C500412CCD /* Data */,
				A2D8A9662BD246B400F0DEA9 /* LandmarkAppApp.swift */,
				A2F370822BD2779900412CCD /* Model */,
				A2D8A96C2BD246B500F0DEA9 /* Preview Content */,
			);
			path = LandmarkApp;
			sourceTree = "<group>";
		};
		A2D8A96C2BD246B500F0DEA9 /* Preview Content */ = {
			isa = PBXGroup;
			children = (
				A23EC8C12BE256B400627168 /* Landmark */,
				A26EA4B72BDA380900D17F51 /* Profile */,
				A26EA49E2BDA1B3200D17F51 /* Hikes */,
				A26EA4992BDA166500D17F51 /* Badge */,
				A23EC8C22BE256E000627168 /* Category */,
				A26EA48C2BDA048100D17F51 /* Helper */,
				A2D8A96A2BD246B500F0DEA9 /* Assets.xcassets */,
				A2D8A9682BD246B400F0DEA9 /* ContentView.swift */,
				A23EC8C32BE2574F00627168 /* PageViewController.swift */,
			);
			path = "Preview Content";
			sourceTree = "<group>";
		};
		A2D8A9762BD246B500F0DEA9 /* LandmarkAppTests */ = {
			isa = PBXGroup;
			children = (
				A2D8A9772BD246B500F0DEA9 /* LandmarkAppTests.swift */,
			);
			path = LandmarkAppTests;
			sourceTree = "<group>";
		};
		A2D8A9802BD246B500F0DEA9 /* LandmarkAppUITests */ = {
			isa = PBXGroup;
			children = (
				A2D8A9812BD246B500F0DEA9 /* LandmarkAppUITests.swift */,
				A2D8A9832BD246B500F0DEA9 /* LandmarkAppUITestsLaunchTests.swift */,
			);
			path = LandmarkAppUITests;
			sourceTree = "<group>";
		};
		A2F370822BD2779900412CCD /* Model */ = {
			isa = PBXGroup;
			children = (
				A2F370832BD277DB00412CCD /* Landmark.swift */,
				A2F370852BD2787B00412CCD /* ModelData.swift */,
				A2D8A96D2BD246B500F0DEA9 /* Preview Assets.xcassets */,
				A26EA49A2BDA181600D17F51 /* Hike.swift */,
			);
			path = Model;
			sourceTree = "<group>";
		};
		A2F370872BD278C500412CCD /* Data */ = {
			isa = PBXGroup;
			children = (
				A2F370802BD276A400412CCD /* landmarkData.json */,
				A26EA4A72BDA1BDC00D17F51 /* hikeData.json */,
			);
			path = Data;
			sourceTree = "<group>";
		};
/* End PBXGroup section */

/* Begin PBXNativeTarget section */
		A269C1122BE3BD1400EC41B4 /* MacLandmarks */ = {
			isa = PBXNativeTarget;
			buildConfigurationList = A269C1212BE3BD1500EC41B4 /* Build configuration list for PBXNativeTarget "MacLandmarks" */;
			buildPhases = (
				A269C10F2BE3BD1400EC41B4 /* Sources */,
				A269C1102BE3BD1400EC41B4 /* Frameworks */,
				A269C1112BE3BD1400EC41B4 /* Resources */,
			);
			buildRules = (
			);
			dependencies = (
			);
			name = MacLandmarks;
			productName = MacLandmarks;
			productReference = A269C1132BE3BD1400EC41B4 /* MacLandmarks.app */;
			productType = "com.apple.product-type.application";
		};
		A2A28D8F2BE39D0600363982 /* WatchLandmarks */ = {
			isa = PBXNativeTarget;
			buildConfigurationList = A2A28DC32BE39D0800363982 /* Build configuration list for PBXNativeTarget "WatchLandmarks" */;
			buildPhases = (
				A2A28D8E2BE39D0600363982 /* Resources */,
				A2A28DBB2BE39D0800363982 /* Embed Watch Content */,
			);
			buildRules = (
			);
			dependencies = (
				A2A28D982BE39D0600363982 /* PBXTargetDependency */,
			);
			name = WatchLandmarks;
			productName = WatchLandmarks;
			productReference = A2A28D902BE39D0600363982 /* WatchLandmarks.app */;
			productType = "com.apple.product-type.application.watchapp2-container";
		};
		A2A28D942BE39D0600363982 /* WatchLandmarks Watch App */ = {
			isa = PBXNativeTarget;
			buildConfigurationList = A2A28DC22BE39D0800363982 /* Build configuration list for PBXNativeTarget "WatchLandmarks Watch App" */;
			buildPhases = (
				A2A28D912BE39D0600363982 /* Sources */,
				A2A28D922BE39D0600363982 /* Frameworks */,
				A2A28D932BE39D0600363982 /* Resources */,
			);
			buildRules = (
			);
			dependencies = (
			);
			name = "WatchLandmarks Watch App";
			productName = "WatchLandmarks Watch App";
			productReference = A2A28D952BE39D0600363982 /* WatchLandmarks Watch App.app */;
			productType = "com.apple.product-type.application";
		};
		A2A28DA62BE39D0800363982 /* WatchLandmarks Watch AppTests */ = {
			isa = PBXNativeTarget;
			buildConfigurationList = A2A28DC42BE39D0800363982 /* Build configuration list for PBXNativeTarget "WatchLandmarks Watch AppTests" */;
			buildPhases = (
				A2A28DA32BE39D0800363982 /* Sources */,
				A2A28DA42BE39D0800363982 /* Frameworks */,
				A2A28DA52BE39D0800363982 /* Resources */,
			);
			buildRules = (
			);
			dependencies = (
				A2A28DA92BE39D0800363982 /* PBXTargetDependency */,
			);
			name = "WatchLandmarks Watch AppTests";
			productName = "WatchLandmarks Watch AppTests";
			productReference = A2A28DA72BE39D0800363982 /* WatchLandmarks Watch AppTests.xctest */;
			productType = "com.apple.product-type.bundle.unit-test";
		};
		A2A28DB02BE39D0800363982 /* WatchLandmarks Watch AppUITests */ = {
			isa = PBXNativeTarget;
			buildConfigurationList = A2A28DC52BE39D0800363982 /* Build configuration list for PBXNativeTarget "WatchLandmarks Watch AppUITests" */;
			buildPhases = (
				A2A28DAD2BE39D0800363982 /* Sources */,
				A2A28DAE2BE39D0800363982 /* Frameworks */,
				A2A28DAF2BE39D0800363982 /* Resources */,
			);
			buildRules = (
			);
			dependencies = (
				A2A28DB32BE39D0800363982 /* PBXTargetDependency */,
			);
			name = "WatchLandmarks Watch AppUITests";
			productName = "WatchLandmarks Watch AppUITests";
			productReference = A2A28DB12BE39D0800363982 /* WatchLandmarks Watch AppUITests.xctest */;
			productType = "com.apple.product-type.bundle.ui-testing";
		};
		A2D8A9622BD246B400F0DEA9 /* LandmarkApp */ = {
			isa = PBXNativeTarget;
			buildConfigurationList = A2D8A9872BD246B500F0DEA9 /* Build configuration list for PBXNativeTarget "LandmarkApp" */;
			buildPhases = (
				A2D8A95F2BD246B400F0DEA9 /* Sources */,
				A2D8A9602BD246B400F0DEA9 /* Frameworks */,
				A2D8A9612BD246B400F0DEA9 /* Resources */,
			);
			buildRules = (
			);
			dependencies = (
			);
			name = LandmarkApp;
			productName = LandmarkApp;
			productReference = A2D8A9632BD246B400F0DEA9 /* LandmarkApp.app */;
			productType = "com.apple.product-type.application";
		};
		A2D8A9722BD246B500F0DEA9 /* LandmarkAppTests */ = {
			isa = PBXNativeTarget;
			buildConfigurationList = A2D8A98A2BD246B500F0DEA9 /* Build configuration list for PBXNativeTarget "LandmarkAppTests" */;
			buildPhases = (
				A2D8A96F2BD246B500F0DEA9 /* Sources */,
				A2D8A9702BD246B500F0DEA9 /* Frameworks */,
				A2D8A9712BD246B500F0DEA9 /* Resources */,
			);
			buildRules = (
			);
			dependencies = (
				A2D8A9752BD246B500F0DEA9 /* PBXTargetDependency */,
			);
			name = LandmarkAppTests;
			productName = LandmarkAppTests;
			productReference = A2D8A9732BD246B500F0DEA9 /* LandmarkAppTests.xctest */;
			productType = "com.apple.product-type.bundle.unit-test";
		};
		A2D8A97C2BD246B500F0DEA9 /* LandmarkAppUITests */ = {
			isa = PBXNativeTarget;
			buildConfigurationList = A2D8A98D2BD246B500F0DEA9 /* Build configuration list for PBXNativeTarget "LandmarkAppUITests" */;
			buildPhases = (
				A2D8A9792BD246B500F0DEA9 /* Sources */,
				A2D8A97A2BD246B500F0DEA9 /* Frameworks */,
				A2D8A97B2BD246B500F0DEA9 /* Resources */,
			);
			buildRules = (
			);
			dependencies = (
				A2D8A97F2BD246B500F0DEA9 /* PBXTargetDependency */,
			);
			name = LandmarkAppUITests;
			productName = LandmarkAppUITests;
			productReference = A2D8A97D2BD246B500F0DEA9 /* LandmarkAppUITests.xctest */;
			productType = "com.apple.product-type.bundle.ui-testing";
		};
/* End PBXNativeTarget section */

/* Begin PBXProject section */
		A2D8A95B2BD246B400F0DEA9 /* Project object */ = {
			isa = PBXProject;
			attributes = {
				BuildIndependentTargetsInParallel = 1;
				LastSwiftUpdateCheck = 1520;
				LastUpgradeCheck = 1520;
				TargetAttributes = {
					A269C1122BE3BD1400EC41B4 = {
						CreatedOnToolsVersion = 15.2;
					};
					A2A28D8F2BE39D0600363982 = {
						CreatedOnToolsVersion = 15.2;
					};
					A2A28D942BE39D0600363982 = {
						CreatedOnToolsVersion = 15.2;
					};
					A2A28DA62BE39D0800363982 = {
						CreatedOnToolsVersion = 15.2;
						TestTargetID = A2A28D942BE39D0600363982;
					};
					A2A28DB02BE39D0800363982 = {
						CreatedOnToolsVersion = 15.2;
						TestTargetID = A2A28D942BE39D0600363982;
					};
					A2D8A9622BD246B400F0DEA9 = {
						CreatedOnToolsVersion = 15.2;
					};
					A2D8A9722BD246B500F0DEA9 = {
						CreatedOnToolsVersion = 15.2;
						TestTargetID = A2D8A9622BD246B400F0DEA9;
					};
					A2D8A97C2BD246B500F0DEA9 = {
						CreatedOnToolsVersion = 15.2;
						TestTargetID = A2D8A9622BD246B400F0DEA9;
					};
				};
			};
			buildConfigurationList = A2D8A95E2BD246B400F0DEA9 /* Build configuration list for PBXProject "LandmarkApp" */;
			compatibilityVersion = "Xcode 14.0";
			developmentRegion = en;
			hasScannedForEncodings = 0;
			knownRegions = (
				en,
				Base,
			);
			mainGroup = A2D8A95A2BD246B400F0DEA9;
			productRefGroup = A2D8A9642BD246B400F0DEA9 /* Products */;
			projectDirPath = "";
			projectRoot = "";
			targets = (
				A2D8A9622BD246B400F0DEA9 /* LandmarkApp */,
				A2D8A9722BD246B500F0DEA9 /* LandmarkAppTests */,
				A2D8A97C2BD246B500F0DEA9 /* LandmarkAppUITests */,
				A2A28D8F2BE39D0600363982 /* WatchLandmarks */,
				A2A28D942BE39D0600363982 /* WatchLandmarks Watch App */,
				A2A28DA62BE39D0800363982 /* WatchLandmarks Watch AppTests */,
				A2A28DB02BE39D0800363982 /* WatchLandmarks Watch AppUITests */,
				A269C1122BE3BD1400EC41B4 /* MacLandmarks */,
			);
		};
/* End PBXProject section */

/* Begin PBXResourcesBuildPhase section */
		A269C1112BE3BD1400EC41B4 /* Resources */ = {
			isa = PBXResourcesBuildPhase;
			buildActionMask = 2147483647;
			files = (
				A269C11D2BE3BD1500EC41B4 /* Preview Assets.xcassets in Resources */,
				A269C1222BE3BD9400EC41B4 /* hikeData.json in Resources */,
				A269C1272BE3BD9400EC41B4 /* Assets.xcassets in Resources */,
				A269C12C2BE3BD9400EC41B4 /* landmarkData.json in Resources */,
				A269C11A2BE3BD1500EC41B4 /* Assets.xcassets in Resources */,
			);
			runOnlyForDeploymentPostprocessing = 0;
		};
		A2A28D8E2BE39D0600363982 /* Resources */ = {
			isa = PBXResourcesBuildPhase;
			buildActionMask = 2147483647;
			files = (
			);
			runOnlyForDeploymentPostprocessing = 0;
		};
		A2A28D932BE39D0600363982 /* Resources */ = {
			isa = PBXResourcesBuildPhase;
			buildActionMask = 2147483647;
			files = (
				A2A28DA22BE39D0800363982 /* Preview Assets.xcassets in Resources */,
				A2A28DD22BE3A1B400363982 /* landmarkData.json in Resources */,
				A2A28DD12BE3A1AE00363982 /* Assets.xcassets in Resources */,
				A2A28D9F2BE39D0800363982 /* Assets.xcassets in Resources */,
				A2A28DD32BE3A1B700363982 /* hikeData.json in Resources */,
				A2A28DD92BE3A72800363982 /* PushNotificationPayload.apns in Resources */,
			);
			runOnlyForDeploymentPostprocessing = 0;
		};
		A2A28DA52BE39D0800363982 /* Resources */ = {
			isa = PBXResourcesBuildPhase;
			buildActionMask = 2147483647;
			files = (
			);
			runOnlyForDeploymentPostprocessing = 0;
		};
		A2A28DAF2BE39D0800363982 /* Resources */ = {
			isa = PBXResourcesBuildPhase;
			buildActionMask = 2147483647;
			files = (
			);
			runOnlyForDeploymentPostprocessing = 0;
		};
		A2D8A9612BD246B400F0DEA9 /* Resources */ = {
			isa = PBXResourcesBuildPhase;
			buildActionMask = 2147483647;
			files = (
				A26EA4A82BDA1BDC00D17F51 /* hikeData.json in Resources */,
				A2D8A96E2BD246B500F0DEA9 /* Preview Assets.xcassets in Resources */,
				A2D8A96B2BD246B500F0DEA9 /* Assets.xcassets in Resources */,
				A2F370812BD276A400412CCD /* landmarkData.json in Resources */,
			);
			runOnlyForDeploymentPostprocessing = 0;
		};
		A2D8A9712BD246B500F0DEA9 /* Resources */ = {
			isa = PBXResourcesBuildPhase;
			buildActionMask = 2147483647;
			files = (
			);
			runOnlyForDeploymentPostprocessing = 0;
		};
		A2D8A97B2BD246B500F0DEA9 /* Resources */ = {
			isa = PBXResourcesBuildPhase;
			buildActionMask = 2147483647;
			files = (
			);
			runOnlyForDeploymentPostprocessing = 0;
		};
/* End PBXResourcesBuildPhase section */

/* Begin PBXSourcesBuildPhase section */
		A269C10F2BE3BD1400EC41B4 /* Sources */ = {
			isa = PBXSourcesBuildPhase;
			buildActionMask = 2147483647;
			files = (
				A269C1182BE3BD1400EC41B4 /* ContentView.swift in Sources */,
				A269C1292BE3BD9400EC41B4 /* MapView.swift in Sources */,
				A269C1342BE3C94C00EC41B4 /* LandmarkSettings.swift in Sources */,
				A269C1262BE3BD9400EC41B4 /* Profile.swift in Sources */,
				A269C12A2BE3BD9400EC41B4 /* FavoriteButton.swift in Sources */,
				A269C1322BE3C72900EC41B4 /* LandmarkCommands.swift in Sources */,
				A269C1302BE3C19200EC41B4 /* LandmarkDetail.swift in Sources */,
				A269C1282BE3BD9400EC41B4 /* LandmarkList.swift in Sources */,
				A269C12E2BE3BD9400EC41B4 /* Hike.swift in Sources */,
				A269C1252BE3BD9400EC41B4 /* ModelData.swift in Sources */,
				A269C12B2BE3BD9400EC41B4 /* LandmarkAppApp.swift in Sources */,
				A269C12D2BE3BD9400EC41B4 /* CircleImage.swift in Sources */,
				A269C1232BE3BD9400EC41B4 /* LandmarkRow.swift in Sources */,
				A269C1242BE3BD9400EC41B4 /* Landmark.swift in Sources */,
			);
			runOnlyForDeploymentPostprocessing = 0;
		};
		A2A28D912BE39D0600363982 /* Sources */ = {
			isa = PBXSourcesBuildPhase;
			buildActionMask = 2147483647;
			files = (
				A2A28D9D2BE39D0600363982 /* ContentView.swift in Sources */,
				A2A28DC82BE39E9B00363982 /* Profile.swift in Sources */,
				A2A28DCA2BE39E9B00363982 /* LandmarkRow.swift in Sources */,
				A23102F32BE3CF13009E4834 /* LandmarkList.swift in Sources */,
				A2A28DCB2BE39E9B00363982 /* CircleImage.swift in Sources */,
				A2A28DC92BE39E9B00363982 /* LandmarkAppApp.swift in Sources */,
				A2A28DC62BE39E9B00363982 /* Landmark.swift in Sources */,
				A2A28DCE2BE39E9B00363982 /* MapView.swift in Sources */,
				A2A28DCC2BE39E9B00363982 /* Hike.swift in Sources */,
				A2A28DD72BE3A46200363982 /* NotificationController.swift in Sources */,
				A2A28DC72BE39E9B00363982 /* ModelData.swift in Sources */,
				A2A28DD02BE3A07600363982 /* LandmarkDetail.swift in Sources */,
				A2A28DD52BE3A39700363982 /* NotificationView.swift in Sources */,
			);
			runOnlyForDeploymentPostprocessing = 0;
		};
		A2A28DA32BE39D0800363982 /* Sources */ = {
			isa = PBXSourcesBuildPhase;
			buildActionMask = 2147483647;
			files = (
				A2A28DAC2BE39D0800363982 /* WatchLandmarks_Watch_AppTests.swift in Sources */,
			);
			runOnlyForDeploymentPostprocessing = 0;
		};
		A2A28DAD2BE39D0800363982 /* Sources */ = {
			isa = PBXSourcesBuildPhase;
			buildActionMask = 2147483647;
			files = (
				A2A28DB82BE39D0800363982 /* WatchLandmarks_Watch_AppUITestsLaunchTests.swift in Sources */,
				A2A28DB62BE39D0800363982 /* WatchLandmarks_Watch_AppUITests.swift in Sources */,
			);
			runOnlyForDeploymentPostprocessing = 0;
		};
		A2D8A95F2BD246B400F0DEA9 /* Sources */ = {
			isa = PBXSourcesBuildPhase;
			buildActionMask = 2147483647;
			files = (
				A26EA4AC2BDA21B900D17F51 /* CategoryRow.swift in Sources */,
				A23EC8C62BE2583B00627168 /* FeaturedCard.swift in Sources */,
				A269C1352BE3CB8100EC41B4 /* LandmarkCommands.swift in Sources */,
				A26EA4B02BDA366D00D17F51 /* Profile.swift in Sources */,
				A2D8A9692BD246B400F0DEA9 /* ContentView.swift in Sources */,
				A26EA4AA2BDA202400D17F51 /* CategoryHome.swift in Sources */,
				A26EA4982BDA162E00D17F51 /* Badge.swift in Sources */,
				A2D8A9932BD2475700F0DEA9 /* CircleImage.swift in Sources */,
				A2F3708D2BD27D8B00412CCD /* LandmarkDetail.swift in Sources */,
				A26EA4A42BDA1B3200D17F51 /* HikeGraph.swift in Sources */,
				A2D8A9912BD2474B00F0DEA9 /* MapView.swift in Sources */,
				A23EC8CA2BE26A9E00627168 /* PageControl.swift in Sources */,
				A26EA48E2BDA055F00D17F51 /* FavoriteButton.swift in Sources */,
				A26EA4AE2BDA21C500D17F51 /* CategoryItem.swift in Sources */,
				A26EA49B2BDA181600D17F51 /* Hike.swift in Sources */,
				A26EA4B42BDA36B600D17F51 /* ProfileSummary.swift in Sources */,
				A26EA4962BDA160600D17F51 /* RotatedBadgeSymbol.swift in Sources */,
				A26EA4B22BDA368900D17F51 /* ProfileHost.swift in Sources */,
				A26EA4942BDA15CB00D17F51 /* BadgeSymbol.swift in Sources */,
				A2F3708B2BD27A7800412CCD /* LandmarkList.swift in Sources */,
				A269C1362BE3CBA000EC41B4 /* LandmarkSettings.swift in Sources */,
				A23EC8C82BE258FC00627168 /* PageView.swift in Sources */,
				A2D8A9672BD246B400F0DEA9 /* LandmarkAppApp.swift in Sources */,
				A26EA4B92BDA381C00D17F51 /* ProfileEditor.swift in Sources */,
				A26EA4922BDA106C00D17F51 /* BadgeBackground.swift in Sources */,
				A2F370842BD277DB00412CCD /* Landmark.swift in Sources */,
				A26EA4A32BDA1B3200D17F51 /* GraphCapsule.swift in Sources */,
				A23EC8C42BE2574F00627168 /* PageViewController.swift in Sources */,
				A26EA4A62BDA1B3200D17F51 /* HikeView.swift in Sources */,
				A26EA4B62BDA36E100D17F51 /* HikeBadge.swift in Sources */,
				A2F370892BD2791700412CCD /* LandmarkRow.swift in Sources */,
				A26EA4902BDA0F8B00D17F51 /* HexagonParameters.swift in Sources */,
				A2F370862BD2787B00412CCD /* ModelData.swift in Sources */,
				A26EA4A52BDA1B3200D17F51 /* HikeDetail.swift in Sources */,
			);
			runOnlyForDeploymentPostprocessing = 0;
		};
		A2D8A96F2BD246B500F0DEA9 /* Sources */ = {
			isa = PBXSourcesBuildPhase;
			buildActionMask = 2147483647;
			files = (
				A2D8A9782BD246B500F0DEA9 /* LandmarkAppTests.swift in Sources */,
			);
			runOnlyForDeploymentPostprocessing = 0;
		};
		A2D8A9792BD246B500F0DEA9 /* Sources */ = {
			isa = PBXSourcesBuildPhase;
			buildActionMask = 2147483647;
			files = (
				A2D8A9842BD246B500F0DEA9 /* LandmarkAppUITestsLaunchTests.swift in Sources */,
				A2D8A9822BD246B500F0DEA9 /* LandmarkAppUITests.swift in Sources */,
			);
			runOnlyForDeploymentPostprocessing = 0;
		};
/* End PBXSourcesBuildPhase section */

/* Begin PBXTargetDependency section */
		A2A28D982BE39D0600363982 /* PBXTargetDependency */ = {
			isa = PBXTargetDependency;
			target = A2A28D942BE39D0600363982 /* WatchLandmarks Watch App */;
			targetProxy = A2A28D972BE39D0600363982 /* PBXContainerItemProxy */;
		};
		A2A28DA92BE39D0800363982 /* PBXTargetDependency */ = {
			isa = PBXTargetDependency;
			target = A2A28D942BE39D0600363982 /* WatchLandmarks Watch App */;
			targetProxy = A2A28DA82BE39D0800363982 /* PBXContainerItemProxy */;
		};
		A2A28DB32BE39D0800363982 /* PBXTargetDependency */ = {
			isa = PBXTargetDependency;
			target = A2A28D942BE39D0600363982 /* WatchLandmarks Watch App */;
			targetProxy = A2A28DB22BE39D0800363982 /* PBXContainerItemProxy */;
		};
		A2D8A9752BD246B500F0DEA9 /* PBXTargetDependency */ = {
			isa = PBXTargetDependency;
			target = A2D8A9622BD246B400F0DEA9 /* LandmarkApp */;
			targetProxy = A2D8A9742BD246B500F0DEA9 /* PBXContainerItemProxy */;
		};
		A2D8A97F2BD246B500F0DEA9 /* PBXTargetDependency */ = {
			isa = PBXTargetDependency;
			target = A2D8A9622BD246B400F0DEA9 /* LandmarkApp */;
			targetProxy = A2D8A97E2BD246B500F0DEA9 /* PBXContainerItemProxy */;
		};
/* End PBXTargetDependency section */

/* Begin XCBuildConfiguration section */
		A269C11F2BE3BD1500EC41B4 /* Debug */ = {
			isa = XCBuildConfiguration;
			buildSettings = {
				ASSETCATALOG_COMPILER_APPICON_NAME = AppIcon;
				ASSETCATALOG_COMPILER_GLOBAL_ACCENT_COLOR_NAME = AccentColor;
				CODE_SIGN_ENTITLEMENTS = MacLandmarks/MacLandmarks.entitlements;
				CODE_SIGN_STYLE = Automatic;
				COMBINE_HIDPI_IMAGES = YES;
				CURRENT_PROJECT_VERSION = 1;
				DEVELOPMENT_ASSET_PATHS = "\"MacLandmarks/Preview Content\"";
				ENABLE_PREVIEWS = YES;
				GENERATE_INFOPLIST_FILE = YES;
				INFOPLIST_KEY_NSHumanReadableCopyright = "";
				LD_RUNPATH_SEARCH_PATHS = (
					"$(inherited)",
					"@executable_path/../Frameworks",
				);
				MACOSX_DEPLOYMENT_TARGET = 14.0;
				MARKETING_VERSION = 1.0;
				PRODUCT_BUNDLE_IDENTIFIER = STVN.MacLandmarks;
				PRODUCT_NAME = "$(TARGET_NAME)";
				SDKROOT = macosx;
				SWIFT_EMIT_LOC_STRINGS = YES;
				SWIFT_VERSION = 5.0;
			};
			name = Debug;
		};
		A269C1202BE3BD1500EC41B4 /* Release */ = {
			isa = XCBuildConfiguration;
			buildSettings = {
				ASSETCATALOG_COMPILER_APPICON_NAME = AppIcon;
				ASSETCATALOG_COMPILER_GLOBAL_ACCENT_COLOR_NAME = AccentColor;
				CODE_SIGN_ENTITLEMENTS = MacLandmarks/MacLandmarks.entitlements;
				CODE_SIGN_STYLE = Automatic;
				COMBINE_HIDPI_IMAGES = YES;
				CURRENT_PROJECT_VERSION = 1;
				DEVELOPMENT_ASSET_PATHS = "\"MacLandmarks/Preview Content\"";
				ENABLE_PREVIEWS = YES;
				GENERATE_INFOPLIST_FILE = YES;
				INFOPLIST_KEY_NSHumanReadableCopyright = "";
				LD_RUNPATH_SEARCH_PATHS = (
					"$(inherited)",
					"@executable_path/../Frameworks",
				);
				MACOSX_DEPLOYMENT_TARGET = 14.0;
				MARKETING_VERSION = 1.0;
				PRODUCT_BUNDLE_IDENTIFIER = STVN.MacLandmarks;
				PRODUCT_NAME = "$(TARGET_NAME)";
				SDKROOT = macosx;
				SWIFT_EMIT_LOC_STRINGS = YES;
				SWIFT_VERSION = 5.0;
			};
			name = Release;
		};
		A2A28DB92BE39D0800363982 /* Debug */ = {
			isa = XCBuildConfiguration;
			buildSettings = {
				ALWAYS_EMBED_SWIFT_STANDARD_LIBRARIES = YES;
				CODE_SIGN_STYLE = Automatic;
				CURRENT_PROJECT_VERSION = 1;
				INFOPLIST_KEY_CFBundleDisplayName = WatchLandmarks;
				MARKETING_VERSION = 1.0;
				PRODUCT_BUNDLE_IDENTIFIER = STVN.WatchLandmarks;
				PRODUCT_NAME = "$(TARGET_NAME)";
				SWIFT_VERSION = 5.0;
			};
			name = Debug;
		};
		A2A28DBA2BE39D0800363982 /* Release */ = {
			isa = XCBuildConfiguration;
			buildSettings = {
				ALWAYS_EMBED_SWIFT_STANDARD_LIBRARIES = YES;
				CODE_SIGN_STYLE = Automatic;
				CURRENT_PROJECT_VERSION = 1;
				INFOPLIST_KEY_CFBundleDisplayName = WatchLandmarks;
				MARKETING_VERSION = 1.0;
				PRODUCT_BUNDLE_IDENTIFIER = STVN.WatchLandmarks;
				PRODUCT_NAME = "$(TARGET_NAME)";
				SWIFT_VERSION = 5.0;
			};
			name = Release;
		};
		A2A28DBC2BE39D0800363982 /* Debug */ = {
			isa = XCBuildConfiguration;
			buildSettings = {
				ASSETCATALOG_COMPILER_APPICON_NAME = AppIcon;
				ASSETCATALOG_COMPILER_GLOBAL_ACCENT_COLOR_NAME = AccentColor;
				CODE_SIGN_STYLE = Automatic;
				CURRENT_PROJECT_VERSION = 1;
				DEVELOPMENT_ASSET_PATHS = "\"WatchLandmarks Watch App/Preview Content\"";
				ENABLE_PREVIEWS = YES;
				GENERATE_INFOPLIST_FILE = YES;
				INFOPLIST_KEY_CFBundleDisplayName = WatchLandmarks;
				INFOPLIST_KEY_UISupportedInterfaceOrientations = "UIInterfaceOrientationPortrait UIInterfaceOrientationPortraitUpsideDown";
				INFOPLIST_KEY_WKWatchOnly = YES;
				LD_RUNPATH_SEARCH_PATHS = (
					"$(inherited)",
					"@executable_path/Frameworks",
				);
				MARKETING_VERSION = 1.0;
				PRODUCT_BUNDLE_IDENTIFIER = STVN.WatchLandmarks.watchkitapp;
				PRODUCT_NAME = "$(TARGET_NAME)";
				SDKROOT = watchos;
				SKIP_INSTALL = YES;
				SWIFT_EMIT_LOC_STRINGS = YES;
				SWIFT_VERSION = 5.0;
				TARGETED_DEVICE_FAMILY = 4;
				WATCHOS_DEPLOYMENT_TARGET = 10.0;
			};
			name = Debug;
		};
		A2A28DBD2BE39D0800363982 /* Release */ = {
			isa = XCBuildConfiguration;
			buildSettings = {
				ASSETCATALOG_COMPILER_APPICON_NAME = AppIcon;
				ASSETCATALOG_COMPILER_GLOBAL_ACCENT_COLOR_NAME = AccentColor;
				CODE_SIGN_STYLE = Automatic;
				CURRENT_PROJECT_VERSION = 1;
				DEVELOPMENT_ASSET_PATHS = "\"WatchLandmarks Watch App/Preview Content\"";
				ENABLE_PREVIEWS = YES;
				GENERATE_INFOPLIST_FILE = YES;
				INFOPLIST_KEY_CFBundleDisplayName = WatchLandmarks;
				INFOPLIST_KEY_UISupportedInterfaceOrientations = "UIInterfaceOrientationPortrait UIInterfaceOrientationPortraitUpsideDown";
				INFOPLIST_KEY_WKWatchOnly = YES;
				LD_RUNPATH_SEARCH_PATHS = (
					"$(inherited)",
					"@executable_path/Frameworks",
				);
				MARKETING_VERSION = 1.0;
				PRODUCT_BUNDLE_IDENTIFIER = STVN.WatchLandmarks.watchkitapp;
				PRODUCT_NAME = "$(TARGET_NAME)";
				SDKROOT = watchos;
				SKIP_INSTALL = YES;
				SWIFT_EMIT_LOC_STRINGS = YES;
				SWIFT_VERSION = 5.0;
				TARGETED_DEVICE_FAMILY = 4;
				WATCHOS_DEPLOYMENT_TARGET = 10.0;
			};
			name = Release;
		};
		A2A28DBE2BE39D0800363982 /* Debug */ = {
			isa = XCBuildConfiguration;
			buildSettings = {
				ALWAYS_EMBED_SWIFT_STANDARD_LIBRARIES = YES;
				BUNDLE_LOADER = "$(TEST_HOST)";
				CODE_SIGN_STYLE = Automatic;
				CURRENT_PROJECT_VERSION = 1;
				GENERATE_INFOPLIST_FILE = YES;
				MARKETING_VERSION = 1.0;
				PRODUCT_BUNDLE_IDENTIFIER = "STVN.WatchLandmarks-Watch-AppTests";
				PRODUCT_NAME = "$(TARGET_NAME)";
				SDKROOT = watchos;
				SWIFT_EMIT_LOC_STRINGS = NO;
				SWIFT_VERSION = 5.0;
				TARGETED_DEVICE_FAMILY = 4;
				TEST_HOST = "$(BUILT_PRODUCTS_DIR)/WatchLandmarks Watch App.app/$(BUNDLE_EXECUTABLE_FOLDER_PATH)/WatchLandmarks Watch App";
				WATCHOS_DEPLOYMENT_TARGET = 10.2;
			};
			name = Debug;
		};
		A2A28DBF2BE39D0800363982 /* Release */ = {
			isa = XCBuildConfiguration;
			buildSettings = {
				ALWAYS_EMBED_SWIFT_STANDARD_LIBRARIES = YES;
				BUNDLE_LOADER = "$(TEST_HOST)";
				CODE_SIGN_STYLE = Automatic;
				CURRENT_PROJECT_VERSION = 1;
				GENERATE_INFOPLIST_FILE = YES;
				MARKETING_VERSION = 1.0;
				PRODUCT_BUNDLE_IDENTIFIER = "STVN.WatchLandmarks-Watch-AppTests";
				PRODUCT_NAME = "$(TARGET_NAME)";
				SDKROOT = watchos;
				SWIFT_EMIT_LOC_STRINGS = NO;
				SWIFT_VERSION = 5.0;
				TARGETED_DEVICE_FAMILY = 4;
				TEST_HOST = "$(BUILT_PRODUCTS_DIR)/WatchLandmarks Watch App.app/$(BUNDLE_EXECUTABLE_FOLDER_PATH)/WatchLandmarks Watch App";
				WATCHOS_DEPLOYMENT_TARGET = 10.2;
			};
			name = Release;
		};
		A2A28DC02BE39D0800363982 /* Debug */ = {
			isa = XCBuildConfiguration;
			buildSettings = {
				ALWAYS_EMBED_SWIFT_STANDARD_LIBRARIES = YES;
				CODE_SIGN_STYLE = Automatic;
				CURRENT_PROJECT_VERSION = 1;
				GENERATE_INFOPLIST_FILE = YES;
				MARKETING_VERSION = 1.0;
				PRODUCT_BUNDLE_IDENTIFIER = "STVN.WatchLandmarks-Watch-AppUITests";
				PRODUCT_NAME = "$(TARGET_NAME)";
				SDKROOT = watchos;
				SWIFT_EMIT_LOC_STRINGS = NO;
				SWIFT_VERSION = 5.0;
				TARGETED_DEVICE_FAMILY = 4;
				TEST_TARGET_NAME = "WatchLandmarks Watch App";
				WATCHOS_DEPLOYMENT_TARGET = 10.2;
			};
			name = Debug;
		};
		A2A28DC12BE39D0800363982 /* Release */ = {
			isa = XCBuildConfiguration;
			buildSettings = {
				ALWAYS_EMBED_SWIFT_STANDARD_LIBRARIES = YES;
				CODE_SIGN_STYLE = Automatic;
				CURRENT_PROJECT_VERSION = 1;
				GENERATE_INFOPLIST_FILE = YES;
				MARKETING_VERSION = 1.0;
				PRODUCT_BUNDLE_IDENTIFIER = "STVN.WatchLandmarks-Watch-AppUITests";
				PRODUCT_NAME = "$(TARGET_NAME)";
				SDKROOT = watchos;
				SWIFT_EMIT_LOC_STRINGS = NO;
				SWIFT_VERSION = 5.0;
				TARGETED_DEVICE_FAMILY = 4;
				TEST_TARGET_NAME = "WatchLandmarks Watch App";
				WATCHOS_DEPLOYMENT_TARGET = 10.2;
			};
			name = Release;
		};
		A2D8A9852BD246B500F0DEA9 /* Debug */ = {
			isa = XCBuildConfiguration;
			buildSettings = {
				ALWAYS_SEARCH_USER_PATHS = NO;
				ASSETCATALOG_COMPILER_GENERATE_SWIFT_ASSET_SYMBOL_EXTENSIONS = YES;
				CLANG_ANALYZER_NONNULL = YES;
				CLANG_ANALYZER_NUMBER_OBJECT_CONVERSION = YES_AGGRESSIVE;
				CLANG_CXX_LANGUAGE_STANDARD = "gnu++20";
				CLANG_ENABLE_MODULES = YES;
				CLANG_ENABLE_OBJC_ARC = YES;
				CLANG_ENABLE_OBJC_WEAK = YES;
				CLANG_WARN_BLOCK_CAPTURE_AUTORELEASING = YES;
				CLANG_WARN_BOOL_CONVERSION = YES;
				CLANG_WARN_COMMA = YES;
				CLANG_WARN_CONSTANT_CONVERSION = YES;
				CLANG_WARN_DEPRECATED_OBJC_IMPLEMENTATIONS = YES;
				CLANG_WARN_DIRECT_OBJC_ISA_USAGE = YES_ERROR;
				CLANG_WARN_DOCUMENTATION_COMMENTS = YES;
				CLANG_WARN_EMPTY_BODY = YES;
				CLANG_WARN_ENUM_CONVERSION = YES;
				CLANG_WARN_INFINITE_RECURSION = YES;
				CLANG_WARN_INT_CONVERSION = YES;
				CLANG_WARN_NON_LITERAL_NULL_CONVERSION = YES;
				CLANG_WARN_OBJC_IMPLICIT_RETAIN_SELF = YES;
				CLANG_WARN_OBJC_LITERAL_CONVERSION = YES;
				CLANG_WARN_OBJC_ROOT_CLASS = YES_ERROR;
				CLANG_WARN_QUOTED_INCLUDE_IN_FRAMEWORK_HEADER = YES;
				CLANG_WARN_RANGE_LOOP_ANALYSIS = YES;
				CLANG_WARN_STRICT_PROTOTYPES = YES;
				CLANG_WARN_SUSPICIOUS_MOVE = YES;
				CLANG_WARN_UNGUARDED_AVAILABILITY = YES_AGGRESSIVE;
				CLANG_WARN_UNREACHABLE_CODE = YES;
				CLANG_WARN__DUPLICATE_METHOD_MATCH = YES;
				COPY_PHASE_STRIP = NO;
				DEBUG_INFORMATION_FORMAT = dwarf;
				ENABLE_STRICT_OBJC_MSGSEND = YES;
				ENABLE_TESTABILITY = YES;
				ENABLE_USER_SCRIPT_SANDBOXING = YES;
				GCC_C_LANGUAGE_STANDARD = gnu17;
				GCC_DYNAMIC_NO_PIC = NO;
				GCC_NO_COMMON_BLOCKS = YES;
				GCC_OPTIMIZATION_LEVEL = 0;
				GCC_PREPROCESSOR_DEFINITIONS = (
					"DEBUG=1",
					"$(inherited)",
				);
				GCC_WARN_64_TO_32_BIT_CONVERSION = YES;
				GCC_WARN_ABOUT_RETURN_TYPE = YES_ERROR;
				GCC_WARN_UNDECLARED_SELECTOR = YES;
				GCC_WARN_UNINITIALIZED_AUTOS = YES_AGGRESSIVE;
				GCC_WARN_UNUSED_FUNCTION = YES;
				GCC_WARN_UNUSED_VARIABLE = YES;
				IPHONEOS_DEPLOYMENT_TARGET = 17.2;
				LOCALIZATION_PREFERS_STRING_CATALOGS = YES;
				MTL_ENABLE_DEBUG_INFO = INCLUDE_SOURCE;
				MTL_FAST_MATH = YES;
				ONLY_ACTIVE_ARCH = YES;
				SDKROOT = iphoneos;
				SWIFT_ACTIVE_COMPILATION_CONDITIONS = "DEBUG $(inherited)";
				SWIFT_OPTIMIZATION_LEVEL = "-Onone";
			};
			name = Debug;
		};
		A2D8A9862BD246B500F0DEA9 /* Release */ = {
			isa = XCBuildConfiguration;
			buildSettings = {
				ALWAYS_SEARCH_USER_PATHS = NO;
				ASSETCATALOG_COMPILER_GENERATE_SWIFT_ASSET_SYMBOL_EXTENSIONS = YES;
				CLANG_ANALYZER_NONNULL = YES;
				CLANG_ANALYZER_NUMBER_OBJECT_CONVERSION = YES_AGGRESSIVE;
				CLANG_CXX_LANGUAGE_STANDARD = "gnu++20";
				CLANG_ENABLE_MODULES = YES;
				CLANG_ENABLE_OBJC_ARC = YES;
				CLANG_ENABLE_OBJC_WEAK = YES;
				CLANG_WARN_BLOCK_CAPTURE_AUTORELEASING = YES;
				CLANG_WARN_BOOL_CONVERSION = YES;
				CLANG_WARN_COMMA = YES;
				CLANG_WARN_CONSTANT_CONVERSION = YES;
				CLANG_WARN_DEPRECATED_OBJC_IMPLEMENTATIONS = YES;
				CLANG_WARN_DIRECT_OBJC_ISA_USAGE = YES_ERROR;
				CLANG_WARN_DOCUMENTATION_COMMENTS = YES;
				CLANG_WARN_EMPTY_BODY = YES;
				CLANG_WARN_ENUM_CONVERSION = YES;
				CLANG_WARN_INFINITE_RECURSION = YES;
				CLANG_WARN_INT_CONVERSION = YES;
				CLANG_WARN_NON_LITERAL_NULL_CONVERSION = YES;
				CLANG_WARN_OBJC_IMPLICIT_RETAIN_SELF = YES;
				CLANG_WARN_OBJC_LITERAL_CONVERSION = YES;
				CLANG_WARN_OBJC_ROOT_CLASS = YES_ERROR;
				CLANG_WARN_QUOTED_INCLUDE_IN_FRAMEWORK_HEADER = YES;
				CLANG_WARN_RANGE_LOOP_ANALYSIS = YES;
				CLANG_WARN_STRICT_PROTOTYPES = YES;
				CLANG_WARN_SUSPICIOUS_MOVE = YES;
				CLANG_WARN_UNGUARDED_AVAILABILITY = YES_AGGRESSIVE;
				CLANG_WARN_UNREACHABLE_CODE = YES;
				CLANG_WARN__DUPLICATE_METHOD_MATCH = YES;
				COPY_PHASE_STRIP = NO;
				DEBUG_INFORMATION_FORMAT = "dwarf-with-dsym";
				ENABLE_NS_ASSERTIONS = NO;
				ENABLE_STRICT_OBJC_MSGSEND = YES;
				ENABLE_USER_SCRIPT_SANDBOXING = YES;
				GCC_C_LANGUAGE_STANDARD = gnu17;
				GCC_NO_COMMON_BLOCKS = YES;
				GCC_WARN_64_TO_32_BIT_CONVERSION = YES;
				GCC_WARN_ABOUT_RETURN_TYPE = YES_ERROR;
				GCC_WARN_UNDECLARED_SELECTOR = YES;
				GCC_WARN_UNINITIALIZED_AUTOS = YES_AGGRESSIVE;
				GCC_WARN_UNUSED_FUNCTION = YES;
				GCC_WARN_UNUSED_VARIABLE = YES;
				IPHONEOS_DEPLOYMENT_TARGET = 17.2;
				LOCALIZATION_PREFERS_STRING_CATALOGS = YES;
				MTL_ENABLE_DEBUG_INFO = NO;
				MTL_FAST_MATH = YES;
				SDKROOT = iphoneos;
				SWIFT_COMPILATION_MODE = wholemodule;
				VALIDATE_PRODUCT = YES;
			};
			name = Release;
		};
		A2D8A9882BD246B500F0DEA9 /* Debug */ = {
			isa = XCBuildConfiguration;
			buildSettings = {
				ASSETCATALOG_COMPILER_APPICON_NAME = AppIcon;
				ASSETCATALOG_COMPILER_GLOBAL_ACCENT_COLOR_NAME = AccentColor;
				CODE_SIGN_STYLE = Automatic;
				CURRENT_PROJECT_VERSION = 1;
				DEVELOPMENT_ASSET_PATHS = "\"LandmarkApp/Preview Content\"";
				ENABLE_PREVIEWS = YES;
				GENERATE_INFOPLIST_FILE = YES;
				INFOPLIST_KEY_UIApplicationSceneManifest_Generation = YES;
				INFOPLIST_KEY_UIApplicationSupportsIndirectInputEvents = YES;
				INFOPLIST_KEY_UILaunchScreen_Generation = YES;
				INFOPLIST_KEY_UISupportedInterfaceOrientations_iPad = "UIInterfaceOrientationPortrait UIInterfaceOrientationPortraitUpsideDown UIInterfaceOrientationLandscapeLeft UIInterfaceOrientationLandscapeRight";
				INFOPLIST_KEY_UISupportedInterfaceOrientations_iPhone = "UIInterfaceOrientationPortrait UIInterfaceOrientationLandscapeLeft UIInterfaceOrientationLandscapeRight";
				LD_RUNPATH_SEARCH_PATHS = (
					"$(inherited)",
					"@executable_path/Frameworks",
				);
				MARKETING_VERSION = 1.0;
				PRODUCT_BUNDLE_IDENTIFIER = STVN.LandmarkApp;
				PRODUCT_NAME = "$(TARGET_NAME)";
				SWIFT_EMIT_LOC_STRINGS = YES;
				SWIFT_VERSION = 5.0;
				TARGETED_DEVICE_FAMILY = "1,2";
			};
			name = Debug;
		};
		A2D8A9892BD246B500F0DEA9 /* Release */ = {
			isa = XCBuildConfiguration;
			buildSettings = {
				ASSETCATALOG_COMPILER_APPICON_NAME = AppIcon;
				ASSETCATALOG_COMPILER_GLOBAL_ACCENT_COLOR_NAME = AccentColor;
				CODE_SIGN_STYLE = Automatic;
				CURRENT_PROJECT_VERSION = 1;
				DEVELOPMENT_ASSET_PATHS = "\"LandmarkApp/Preview Content\"";
				ENABLE_PREVIEWS = YES;
				GENERATE_INFOPLIST_FILE = YES;
				INFOPLIST_KEY_UIApplicationSceneManifest_Generation = YES;
				INFOPLIST_KEY_UIApplicationSupportsIndirectInputEvents = YES;
				INFOPLIST_KEY_UILaunchScreen_Generation = YES;
				INFOPLIST_KEY_UISupportedInterfaceOrientations_iPad = "UIInterfaceOrientationPortrait UIInterfaceOrientationPortraitUpsideDown UIInterfaceOrientationLandscapeLeft UIInterfaceOrientationLandscapeRight";
				INFOPLIST_KEY_UISupportedInterfaceOrientations_iPhone = "UIInterfaceOrientationPortrait UIInterfaceOrientationLandscapeLeft UIInterfaceOrientationLandscapeRight";
				LD_RUNPATH_SEARCH_PATHS = (
					"$(inherited)",
					"@executable_path/Frameworks",
				);
				MARKETING_VERSION = 1.0;
				PRODUCT_BUNDLE_IDENTIFIER = STVN.LandmarkApp;
				PRODUCT_NAME = "$(TARGET_NAME)";
				SWIFT_EMIT_LOC_STRINGS = YES;
				SWIFT_VERSION = 5.0;
				TARGETED_DEVICE_FAMILY = "1,2";
			};
			name = Release;
		};
		A2D8A98B2BD246B500F0DEA9 /* Debug */ = {
			isa = XCBuildConfiguration;
			buildSettings = {
				ALWAYS_EMBED_SWIFT_STANDARD_LIBRARIES = YES;
				BUNDLE_LOADER = "$(TEST_HOST)";
				CODE_SIGN_STYLE = Automatic;
				CURRENT_PROJECT_VERSION = 1;
				GENERATE_INFOPLIST_FILE = YES;
				IPHONEOS_DEPLOYMENT_TARGET = 17.2;
				MARKETING_VERSION = 1.0;
				PRODUCT_BUNDLE_IDENTIFIER = STVN.LandmarkAppTests;
				PRODUCT_NAME = "$(TARGET_NAME)";
				SWIFT_EMIT_LOC_STRINGS = NO;
				SWIFT_VERSION = 5.0;
				TARGETED_DEVICE_FAMILY = "1,2";
				TEST_HOST = "$(BUILT_PRODUCTS_DIR)/LandmarkApp.app/$(BUNDLE_EXECUTABLE_FOLDER_PATH)/LandmarkApp";
			};
			name = Debug;
		};
		A2D8A98C2BD246B500F0DEA9 /* Release */ = {
			isa = XCBuildConfiguration;
			buildSettings = {
				ALWAYS_EMBED_SWIFT_STANDARD_LIBRARIES = YES;
				BUNDLE_LOADER = "$(TEST_HOST)";
				CODE_SIGN_STYLE = Automatic;
				CURRENT_PROJECT_VERSION = 1;
				GENERATE_INFOPLIST_FILE = YES;
				IPHONEOS_DEPLOYMENT_TARGET = 17.2;
				MARKETING_VERSION = 1.0;
				PRODUCT_BUNDLE_IDENTIFIER = STVN.LandmarkAppTests;
				PRODUCT_NAME = "$(TARGET_NAME)";
				SWIFT_EMIT_LOC_STRINGS = NO;
				SWIFT_VERSION = 5.0;
				TARGETED_DEVICE_FAMILY = "1,2";
				TEST_HOST = "$(BUILT_PRODUCTS_DIR)/LandmarkApp.app/$(BUNDLE_EXECUTABLE_FOLDER_PATH)/LandmarkApp";
			};
			name = Release;
		};
		A2D8A98E2BD246B500F0DEA9 /* Debug */ = {
			isa = XCBuildConfiguration;
			buildSettings = {
				ALWAYS_EMBED_SWIFT_STANDARD_LIBRARIES = YES;
				CODE_SIGN_STYLE = Automatic;
				CURRENT_PROJECT_VERSION = 1;
				GENERATE_INFOPLIST_FILE = YES;
				MARKETING_VERSION = 1.0;
				PRODUCT_BUNDLE_IDENTIFIER = STVN.LandmarkAppUITests;
				PRODUCT_NAME = "$(TARGET_NAME)";
				SWIFT_EMIT_LOC_STRINGS = NO;
				SWIFT_VERSION = 5.0;
				TARGETED_DEVICE_FAMILY = "1,2";
				TEST_TARGET_NAME = LandmarkApp;
			};
			name = Debug;
		};
		A2D8A98F2BD246B500F0DEA9 /* Release */ = {
			isa = XCBuildConfiguration;
			buildSettings = {
				ALWAYS_EMBED_SWIFT_STANDARD_LIBRARIES = YES;
				CODE_SIGN_STYLE = Automatic;
				CURRENT_PROJECT_VERSION = 1;
				GENERATE_INFOPLIST_FILE = YES;
				MARKETING_VERSION = 1.0;
				PRODUCT_BUNDLE_IDENTIFIER = STVN.LandmarkAppUITests;
				PRODUCT_NAME = "$(TARGET_NAME)";
				SWIFT_EMIT_LOC_STRINGS = NO;
				SWIFT_VERSION = 5.0;
				TARGETED_DEVICE_FAMILY = "1,2";
				TEST_TARGET_NAME = LandmarkApp;
			};
			name = Release;
		};
/* End XCBuildConfiguration section */

/* Begin XCConfigurationList section */
		A269C1212BE3BD1500EC41B4 /* Build configuration list for PBXNativeTarget "MacLandmarks" */ = {
			isa = XCConfigurationList;
			buildConfigurations = (
				A269C11F2BE3BD1500EC41B4 /* Debug */,
				A269C1202BE3BD1500EC41B4 /* Release */,
			);
			defaultConfigurationIsVisible = 0;
			defaultConfigurationName = Release;
		};
		A2A28DC22BE39D0800363982 /* Build configuration list for PBXNativeTarget "WatchLandmarks Watch App" */ = {
			isa = XCConfigurationList;
			buildConfigurations = (
				A2A28DBC2BE39D0800363982 /* Debug */,
				A2A28DBD2BE39D0800363982 /* Release */,
			);
			defaultConfigurationIsVisible = 0;
			defaultConfigurationName = Release;
		};
		A2A28DC32BE39D0800363982 /* Build configuration list for PBXNativeTarget "WatchLandmarks" */ = {
			isa = XCConfigurationList;
			buildConfigurations = (
				A2A28DB92BE39D0800363982 /* Debug */,
				A2A28DBA2BE39D0800363982 /* Release */,
			);
			defaultConfigurationIsVisible = 0;
			defaultConfigurationName = Release;
		};
		A2A28DC42BE39D0800363982 /* Build configuration list for PBXNativeTarget "WatchLandmarks Watch AppTests" */ = {
			isa = XCConfigurationList;
			buildConfigurations = (
				A2A28DBE2BE39D0800363982 /* Debug */,
				A2A28DBF2BE39D0800363982 /* Release */,
			);
			defaultConfigurationIsVisible = 0;
			defaultConfigurationName = Release;
		};
		A2A28DC52BE39D0800363982 /* Build configuration list for PBXNativeTarget "WatchLandmarks Watch AppUITests" */ = {
			isa = XCConfigurationList;
			buildConfigurations = (
				A2A28DC02BE39D0800363982 /* Debug */,
				A2A28DC12BE39D0800363982 /* Release */,
			);
			defaultConfigurationIsVisible = 0;
			defaultConfigurationName = Release;
		};
		A2D8A95E2BD246B400F0DEA9 /* Build configuration list for PBXProject "LandmarkApp" */ = {
			isa = XCConfigurationList;
			buildConfigurations = (
				A2D8A9852BD246B500F0DEA9 /* Debug */,
				A2D8A9862BD246B500F0DEA9 /* Release */,
			);
			defaultConfigurationIsVisible = 0;
			defaultConfigurationName = Release;
		};
		A2D8A9872BD246B500F0DEA9 /* Build configuration list for PBXNativeTarget "LandmarkApp" */ = {
			isa = XCConfigurationList;
			buildConfigurations = (
				A2D8A9882BD246B500F0DEA9 /* Debug */,
				A2D8A9892BD246B500F0DEA9 /* Release */,
			);
			defaultConfigurationIsVisible = 0;
			defaultConfigurationName = Release;
		};
		A2D8A98A2BD246B500F0DEA9 /* Build configuration list for PBXNativeTarget "LandmarkAppTests" */ = {
			isa = XCConfigurationList;
			buildConfigurations = (
				A2D8A98B2BD246B500F0DEA9 /* Debug */,
				A2D8A98C2BD246B500F0DEA9 /* Release */,
			);
			defaultConfigurationIsVisible = 0;
			defaultConfigurationName = Release;
		};
		A2D8A98D2BD246B500F0DEA9 /* Build configuration list for PBXNativeTarget "LandmarkAppUITests" */ = {
			isa = XCConfigurationList;
			buildConfigurations = (
				A2D8A98E2BD246B500F0DEA9 /* Debug */,
				A2D8A98F2BD246B500F0DEA9 /* Release */,
			);
			defaultConfigurationIsVisible = 0;
			defaultConfigurationName = Release;
		};
/* End XCConfigurationList section */
	};
	rootObject = A2D8A95B2BD246B400F0DEA9 /* Project object */;
}
